{
  "name": "utils",
  "version": "1.0.0",
  "lockfileVersion": 2,
  "requires": true,
  "packages": {
    "": {
      "name": "utils",
      "version": "1.0.0",
      "license": "ISC",
      "dependencies": {
        "crypto-js": "^4.1.1",
        "ethereum-cryptography": "^1.0.0",
        "node-rsa": "^1.1.1"
      }
    },
    "node_modules/@noble/hashes": {
      "version": "1.0.0",
      "resolved": "https://registry.npmjs.org/@noble/hashes/-/hashes-1.0.0.tgz",
      "integrity": "sha512-DZVbtY62kc3kkBtMHqwCOfXrT/hnoORy5BJ4+HU1IR59X0KWAOqsfzQPcUl/lQLlG7qXbe/fZ3r/emxtAl+sqg=="
    },
    "node_modules/@noble/secp256k1": {
      "version": "1.5.2",
      "resolved": "https://registry.npmjs.org/@noble/secp256k1/-/secp256k1-1.5.2.tgz",
      "integrity": "sha512-5mzA40W2q55VCRuC9XzmkiEnODdY0c5a7qsK2QcOfI5/MuVQyBaWGQyE6YOEF7kDwp+tDVWGsCDVJUME+wsWWw==",
      "funding": [
        {
          "type": "individual",
          "url": "https://paulmillr.com/funding/"
        }
      ]
    },
    "node_modules/@scure/base": {
      "version": "1.0.0",
      "resolved": "https://registry.npmjs.org/@scure/base/-/base-1.0.0.tgz",
      "integrity": "sha512-gIVaYhUsy+9s58m/ETjSJVKHhKTBMmcRb9cEV5/5dwvfDlfORjKrFsDeDHWRrm6RjcPvCLZFwGJjAjLj1gg4HA==",
      "funding": [
        {
          "type": "individual",
          "url": "https://paulmillr.com/funding/"
        }
      ]
    },
    "node_modules/@scure/bip32": {
      "version": "1.0.1",
      "resolved": "https://registry.npmjs.org/@scure/bip32/-/bip32-1.0.1.tgz",
      "integrity": "sha512-AU88KKTpQ+YpTLoicZ/qhFhRRIo96/tlb+8YmDDHR9yiKVjSsFZiefJO4wjS2PMTkz5/oIcw84uAq/8pleQURA==",
      "funding": [
        {
          "type": "individual",
          "url": "https://paulmillr.com/funding/"
        }
      ],
      "dependencies": {
        "@noble/hashes": "~1.0.0",
        "@noble/secp256k1": "~1.5.2",
        "@scure/base": "~1.0.0"
      }
    },
    "node_modules/@scure/bip39": {
      "version": "1.0.0",
      "resolved": "https://registry.npmjs.org/@scure/bip39/-/bip39-1.0.0.tgz",
      "integrity": "sha512-HrtcikLbd58PWOkl02k9V6nXWQyoa7A0+Ek9VF7z17DDk9XZAFUcIdqfh0jJXLypmizc5/8P6OxoUeKliiWv4w==",
      "funding": [
        {
          "type": "individual",
          "url": "https://paulmillr.com/funding/"
        }
      ],
      "dependencies": {
        "@noble/hashes": "~1.0.0",
        "@scure/base": "~1.0.0"
      }
    },
    "node_modules/asn1": {
      "version": "0.2.6",
      "resolved": "https://registry.npmjs.org/asn1/-/asn1-0.2.6.tgz",
      "integrity": "sha512-ix/FxPn0MDjeyJ7i/yoHGFt/EX6LyNbxSEhPPXODPL+KB0VPk86UYfL0lMdy+KCnv+fmvIzySwaK5COwqVbWTQ==",
      "dependencies": {
        "safer-buffer": "~2.1.0"
      }
    },
    "node_modules/crypto-js": {
      "version": "4.1.1",
      "resolved": "https://registry.npmjs.org/crypto-js/-/crypto-js-4.1.1.tgz",
      "integrity": "sha512-o2JlM7ydqd3Qk9CA0L4NL6mTzU2sdx96a+oOfPu8Mkl/PK51vSyoi8/rQ8NknZtk44vq15lmhAj9CIAGwgeWKw=="
    },
    "node_modules/ethereum-cryptography": {
      "version": "1.0.0",
      "resolved": "https://registry.npmjs.org/ethereum-cryptography/-/ethereum-cryptography-1.0.0.tgz",
      "integrity": "sha512-udvlqhp8T4uJpWhhg8IU4ch29uNH6XpT+QWdFWMVctsvMx2GpSkDvsmfKXrx4qNXMJQdt0O7phkKBQ9JcyNDsA==",
      "dependencies": {
        "@noble/hashes": "1.0.0",
        "@noble/secp256k1": "1.5.2",
        "@scure/bip32": "1.0.1",
        "@scure/bip39": "1.0.0"
      }
    },
    "node_modules/node-rsa": {
      "version": "1.1.1",
      "resolved": "https://registry.npmjs.org/node-rsa/-/node-rsa-1.1.1.tgz",
      "integrity": "sha512-Jd4cvbJMryN21r5HgxQOpMEqv+ooke/korixNNK3mGqfGJmy0M77WDDzo/05969+OkMy3XW1UuZsSmW9KQm7Fw==",
      "dependencies": {
        "asn1": "^0.2.4"
      }
    },
    "node_modules/safer-buffer": {
      "version": "2.1.2",
      "resolved": "https://registry.npmjs.org/safer-buffer/-/safer-buffer-2.1.2.tgz",
      "integrity": "sha512-YZo3K82SD7Riyi0E1EQPojLz7kpepnSQI9IyPbHHg1XXXevb5dJI7tpyN2ADxGcQbHG7vcyRHk0cbwqcQriUtg=="
    }
  },
  "dependencies": {
    "@noble/hashes": {
      "version": "1.0.0",
      "resolved": "https://registry.npmjs.org/@noble/hashes/-/hashes-1.0.0.tgz",
      "integrity": "sha512-DZVbtY62kc3kkBtMHqwCOfXrT/hnoORy5BJ4+HU1IR59X0KWAOqsfzQPcUl/lQLlG7qXbe/fZ3r/emxtAl+sqg=="
    },
    "@noble/secp256k1": {
      "version": "1.5.2",
      "resolved": "https://registry.npmjs.org/@noble/secp256k1/-/secp256k1-1.5.2.tgz",
      "integrity": "sha512-5mzA40W2q55VCRuC9XzmkiEnODdY0c5a7qsK2QcOfI5/MuVQyBaWGQyE6YOEF7kDwp+tDVWGsCDVJUME+wsWWw=="
    },
    "@scure/base": {
      "version": "1.0.0",
      "resolved": "https://registry.npmjs.org/@scure/base/-/base-1.0.0.tgz",
      "integrity": "sha512-gIVaYhUsy+9s58m/ETjSJVKHhKTBMmcRb9cEV5/5dwvfDlfORjKrFsDeDHWRrm6RjcPvCLZFwGJjAjLj1gg4HA=="
    },
    "@scure/bip32": {
      "version": "1.0.1",
      "resolved": "https://registry.npmjs.org/@scure/bip32/-/bip32-1.0.1.tgz",
      "integrity": "sha512-AU88KKTpQ+YpTLoicZ/qhFhRRIo96/tlb+8YmDDHR9yiKVjSsFZiefJO4wjS2PMTkz5/oIcw84uAq/8pleQURA==",
      "requires": {
        "@noble/hashes": "~1.0.0",
        "@noble/secp256k1": "~1.5.2",
        "@scure/base": "~1.0.0"
      }
    },
    "@scure/bip39": {
      "version": "1.0.0",
      "resolved": "https://registry.npmjs.org/@scure/bip39/-/bip39-1.0.0.tgz",
      "integrity": "sha512-HrtcikLbd58PWOkl02k9V6nXWQyoa7A0+Ek9VF7z17DDk9XZAFUcIdqfh0jJXLypmizc5/8P6OxoUeKliiWv4w==",
      "requires": {
        "@noble/hashes": "~1.0.0",
        "@scure/base": "~1.0.0"
      }
    },
    "asn1": {
      "version": "0.2.6",
      "resolved": "https://registry.npmjs.org/asn1/-/asn1-0.2.6.tgz",
      "integrity": "sha512-ix/FxPn0MDjeyJ7i/yoHGFt/EX6LyNbxSEhPPXODPL+KB0VPk86UYfL0lMdy+KCnv+fmvIzySwaK5COwqVbWTQ==",
      "requires": {
        "safer-buffer": "~2.1.0"
      }
    },
    "crypto-js": {
      "version": "4.1.1",
      "resolved": "https://registry.npmjs.org/crypto-js/-/crypto-js-4.1.1.tgz",
      "integrity": "sha512-o2JlM7ydqd3Qk9CA0L4NL6mTzU2sdx96a+oOfPu8Mkl/PK51vSyoi8/rQ8NknZtk44vq15lmhAj9CIAGwgeWKw=="
    },
    "ethereum-cryptography": {
      "version": "1.0.0",
      "resolved": "https://registry.npmjs.org/ethereum-cryptography/-/ethereum-cryptography-1.0.0.tgz",
      "integrity": "sha512-udvlqhp8T4uJpWhhg8IU4ch29uNH6XpT+QWdFWMVctsvMx2GpSkDvsmfKXrx4qNXMJQdt0O7phkKBQ9JcyNDsA==",
      "requires": {
        "@noble/hashes": "1.0.0",
        "@noble/secp256k1": "1.5.2",
        "@scure/bip32": "1.0.1",
        "@scure/bip39": "1.0.0"
      }
    },
    "node-rsa": {
      "version": "1.1.1",
      "resolved": "https://registry.npmjs.org/node-rsa/-/node-rsa-1.1.1.tgz",
      "integrity": "sha512-Jd4cvbJMryN21r5HgxQOpMEqv+ooke/korixNNK3mGqfGJmy0M77WDDzo/05969+OkMy3XW1UuZsSmW9KQm7Fw==",
      "requires": {
        "asn1": "^0.2.4"
      }
    },
    "safer-buffer": {
      "version": "2.1.2",
      "resolved": "https://registry.npmjs.org/safer-buffer/-/safer-buffer-2.1.2.tgz",
      "integrity": "sha512-YZo3K82SD7Riyi0E1EQPojLz7kpepnSQI9IyPbHHg1XXXevb5dJI7tpyN2ADxGcQbHG7vcyRHk0cbwqcQriUtg=="
    }
  }
}
